
Microsoft Visual Studio Solution File, Format Version 12.00
# Visual Studio 2013
VisualStudioVersion = 12.0.21005.1
MinimumVisualStudioVersion = 10.0.40219.1
Project("{E24C65DC-7377-472B-9ABA-BC803B73C61A}") = "http://localhost", "http://localhost", "{3CEAEDC2-A4A3-4824-B080-C4F3CFD8AB67}"
	ProjectSection(WebsiteProperties) = preProject
		SccProjectName = ""
		SccAuxPath = ""
		SccLocalPath = ""
		SccProvider = ""
		UseIISExpress = "false"
		TargetFrameworkMoniker = ".NETFramework,Version%3Dv4.5"
		Debug.AspNetCompiler.VirtualPath = "/localhost"
		Debug.AspNetCompiler.PhysicalPath = "..\DemoSite\"
		Debug.AspNetCompiler.TargetPath = "PrecompiledWeb\localhost\"
		Debug.AspNetCompiler.Updateable = "true"
		Debug.AspNetCompiler.ForceOverwrite = "true"
		Debug.AspNetCompiler.FixedNames = "false"
		Debug.AspNetCompiler.Debug = "True"
		Release.AspNetCompiler.VirtualPath = "/localhost"
		Release.AspNetCompiler.PhysicalPath = "..\DemoSite\"
		Release.AspNetCompiler.TargetPath = "PrecompiledWeb\localhost\"
		Release.AspNetCompiler.Updateable = "true"
		Release.AspNetCompiler.ForceOverwrite = "true"
		Release.AspNetCompiler.FixedNames = "false"
		Release.AspNetCompiler.Debug = "False"
		SlnRelativePath = "..\DemoSite\"
	EndProjectSection
EndProject
Project("{FAE04EC0-301F-11D3-BF4B-00C04F79EFBC}") = "DogCheck", "Lib\DogCheck\DogCheck.csproj", "{140267BA-71AD-4BF5-9D5D-A7FF00891A4A}"
EndProject
Project("{2150E333-8FDC-42A3-9474-1A3956D46DE8}") = "Lib", "Lib", "{22681964-67AA-41CA-97E3-AC4D2C5C1B9B}"
EndProject
Project("{2150E333-8FDC-42A3-9474-1A3956D46DE8}") = "App", "App", "{6397E0F4-E60E-41CA-91B3-C6B960376011}"
EndProject
Project("{FAE04EC0-301F-11D3-BF4B-00C04F79EFBC}") = "DogInit", "App\DogInit\DogInit.csproj", "{000598E7-9D37-45B0-A8CE-F3B4B9722ED2}"
EndProject
Project("{2150E333-8FDC-42A3-9474-1A3956D46DE8}") = ".nuget", ".nuget", "{CE24B45A-D899-440B-BD0C-71E22054BE3E}"
EndProject
Project("{2150E333-8FDC-42A3-9474-1A3956D46DE8}") = "UML", "UML", "{B22056F3-F249-4D63-BB89-060FCCE8A898}"
EndProject
Project("{F088123C-0E9E-452A-89E6-6BA2F21D5CAC}") = "ModelingProject", "ModelingProject\ModelingProject.modelproj", "{14208EC8-FBE5-491D-AAAC-C810C1EA7DAF}"
EndProject
Global
	GlobalSection(SolutionConfigurationPlatforms) = preSolution
		Debug|Any CPU = Debug|Any CPU
		Release|Any CPU = Release|Any CPU
	EndGlobalSection
	GlobalSection(ProjectConfigurationPlatforms) = postSolution
		{3CEAEDC2-A4A3-4824-B080-C4F3CFD8AB67}.Debug|Any CPU.ActiveCfg = Debug|Any CPU
		{3CEAEDC2-A4A3-4824-B080-C4F3CFD8AB67}.Debug|Any CPU.Build.0 = Debug|Any CPU
		{3CEAEDC2-A4A3-4824-B080-C4F3CFD8AB67}.Release|Any CPU.ActiveCfg = Debug|Any CPU
		{3CEAEDC2-A4A3-4824-B080-C4F3CFD8AB67}.Release|Any CPU.Build.0 = Debug|Any CPU
		{140267BA-71AD-4BF5-9D5D-A7FF00891A4A}.Debug|Any CPU.ActiveCfg = Debug|Any CPU
		{140267BA-71AD-4BF5-9D5D-A7FF00891A4A}.Debug|Any CPU.Build.0 = Debug|Any CPU
		{140267BA-71AD-4BF5-9D5D-A7FF00891A4A}.Release|Any CPU.ActiveCfg = Release|Any CPU
		{140267BA-71AD-4BF5-9D5D-A7FF00891A4A}.Release|Any CPU.Build.0 = Release|Any CPU
		{000598E7-9D37-45B0-A8CE-F3B4B9722ED2}.Debug|Any CPU.ActiveCfg = Debug|Any CPU
		{000598E7-9D37-45B0-A8CE-F3B4B9722ED2}.Debug|Any CPU.Build.0 = Debug|Any CPU
		{000598E7-9D37-45B0-A8CE-F3B4B9722ED2}.Release|Any CPU.ActiveCfg = Release|Any CPU
		{000598E7-9D37-45B0-A8CE-F3B4B9722ED2}.Release|Any CPU.Build.0 = Release|Any CPU
		{14208EC8-FBE5-491D-AAAC-C810C1EA7DAF}.Debug|Any CPU.ActiveCfg = Debug|Any CPU
		{14208EC8-FBE5-491D-AAAC-C810C1EA7DAF}.Debug|Any CPU.Build.0 = Debug|Any CPU
		{14208EC8-FBE5-491D-AAAC-C810C1EA7DAF}.Release|Any CPU.ActiveCfg = Release|Any CPU
		{14208EC8-FBE5-491D-AAAC-C810C1EA7DAF}.Release|Any CPU.Build.0 = Release|Any CPU
	EndGlobalSection
	GlobalSection(SolutionProperties) = preSolution
		HideSolutionNode = FALSE
	EndGlobalSection
	GlobalSection(NestedProjects) = preSolution
		{140267BA-71AD-4BF5-9D5D-A7FF00891A4A} = {22681964-67AA-41CA-97E3-AC4D2C5C1B9B}
		{000598E7-9D37-45B0-A8CE-F3B4B9722ED2} = {6397E0F4-E60E-41CA-91B3-C6B960376011}
		{14208EC8-FBE5-491D-AAAC-C810C1EA7DAF} = {B22056F3-F249-4D63-BB89-060FCCE8A898}
	EndGlobalSection
EndGlobal
